{
  "requires": true,
  "lockfileVersion": 1,
  "dependencies": {
    "@canvas/image-data": {
      "version": "1.0.0",
      "resolved": "https://registry.npmjs.org/@canvas/image-data/-/image-data-1.0.0.tgz",
      "integrity": "sha512-BxOqI5LgsIQP1odU5KMwV9yoijleOPzHL18/YvNqF9KFSGF2K/DLlYAbDQsWqd/1nbaFuSkYD/191dpMtNh4vw=="
    },
    "@cwasm/lodepng": {
      "version": "0.1.4",
      "resolved": "https://registry.npmjs.org/@cwasm/lodepng/-/lodepng-0.1.4.tgz",
      "integrity": "sha512-UY5iB3ywNTgonNF4RmcxEc/eeNcAZBnX9MlSeNUogyruG7ZNPgpKotwPyiLWbqOjlXULz4wdArPEko0Zm3+cGQ==",
      "requires": {
        "@canvas/image-data": "^1.0.0"
      }
    },
    "gl-matrix": {
      "version": "3.3.0",
      "resolved": "https://registry.npmjs.org/gl-matrix/-/gl-matrix-3.3.0.tgz",
      "integrity": "sha512-COb7LDz+SXaHtl/h4LeaFcNdJdAQSDeVqjiIihSXNrkWObZLhDI4hIkZC11Aeqp7bcE72clzB0BnDXr2SmslRA=="
    },
    "webgpu": {
      "version": "0.1.16",
      "resolved": "https://registry.npmjs.org/webgpu/-/webgpu-0.1.16.tgz",
      "integrity": "sha512-KAXn/f8lnL8o4B718zzdfi1l0nEWQpuoWlC1L5WM/svAbeHjShCEI0l5ZcZBEEUm9FF3ZTgRjWk8iwbJfnGKTA=="
    }
  }
}
